
Microsoft Visual Studio Solution File, Format Version 12.00
# Visual Studio 15
VisualStudioVersion = 15.0.26403.3
MinimumVisualStudioVersion = 10.0.40219.1
Project("{2150E333-8FDC-42A3-9474-1A3956D46DE8}") = ".build", ".build", "{AA577967-C0C2-4028-986F-410368B9D342}"
	ProjectSection(SolutionItems) = preProject
		..\build.bat = ..\build.bat
		..\build.fsx = ..\build.fsx
	EndProjectSection
EndProject
Project("{FAE04EC0-301F-11D3-BF4B-00C04F79EFBC}") = "Genesis.Join", "Genesis.Join\Genesis.Join.csproj", "{946EF7A0-17D8-4197-92FF-B436A68A876C}"
EndProject
Project("{FAE04EC0-301F-11D3-BF4B-00C04F79EFBC}") = "Genesis.Join.UnitTests", "Genesis.Join.UnitTests\Genesis.Join.UnitTests.csproj", "{33F43BFE-1694-404A-A1E1-D1E9B28CDA71}"
EndProject
Global
	GlobalSection(SolutionConfigurationPlatforms) = preSolution
		Debug|Any CPU = Debug|Any CPU
		Release|Any CPU = Release|Any CPU
	EndGlobalSection
	GlobalSection(ProjectConfigurationPlatforms) = postSolution
		{946EF7A0-17D8-4197-92FF-B436A68A876C}.Debug|Any CPU.ActiveCfg = Debug|Any CPU
		{946EF7A0-17D8-4197-92FF-B436A68A876C}.Debug|Any CPU.Build.0 = Debug|Any CPU
		{946EF7A0-17D8-4197-92FF-B436A68A876C}.Release|Any CPU.ActiveCfg = Release|Any CPU
		{946EF7A0-17D8-4197-92FF-B436A68A876C}.Release|Any CPU.Build.0 = Release|Any CPU
		{33F43BFE-1694-404A-A1E1-D1E9B28CDA71}.Debug|Any CPU.ActiveCfg = Debug|Any CPU
		{33F43BFE-1694-404A-A1E1-D1E9B28CDA71}.Debug|Any CPU.Build.0 = Debug|Any CPU
		{33F43BFE-1694-404A-A1E1-D1E9B28CDA71}.Release|Any CPU.ActiveCfg = Release|Any CPU
		{33F43BFE-1694-404A-A1E1-D1E9B28CDA71}.Release|Any CPU.Build.0 = Release|Any CPU
	EndGlobalSection
	GlobalSection(SolutionProperties) = preSolution
		HideSolutionNode = FALSE
	EndGlobalSection
EndGlobal
